
Microsoft Visual Studio Solution File, Format Version 12.00
# Visual Studio Version 17
VisualStudioVersion = 17.6.33712.159
MinimumVisualStudioVersion = 10.0.40219.1
Project("{9A19103F-16F7-4668-BE54-9A1E7A4F7556}") = "JeugdLinkApp", "JeugLinkApp\JeugdLinkApp.csproj", "{9039728B-6760-48F3-99A9-579F1F69393A}"
EndProject
Project("{2150E333-8FDC-42A3-9474-1A3956D46DE8}") = "1- Presentation Layer", "1- Presentation Layer", "{E130B23A-BDE6-4F7A-8C1A-62B3F70EA24B}"
EndProject
Project("{2150E333-8FDC-42A3-9474-1A3956D46DE8}") = "2-BLL", "2-BLL", "{D779AB18-D63A-4978-88E9-5509CE79CD5D}"
EndProject
Project("{2150E333-8FDC-42A3-9474-1A3956D46DE8}") = "3-DAL", "3-DAL", "{FBE759D7-DBB2-4817-B975-256D7555E88B}"
EndProject
Project("{9A19103F-16F7-4668-BE54-9A1E7A4F7556}") = "JeugdLinkBLL", "UserBLL\JeugdLinkBLL.csproj", "{791FFA93-BF5A-4201-A522-2627B7BEF1E9}"
EndProject
Project("{9A19103F-16F7-4668-BE54-9A1E7A4F7556}") = "JeugdLinkDAL", "UserDAL\JeugdLinkDAL.csproj", "{E8A48631-30AD-44E6-AF94-AADB1869EE82}"
EndProject
Project("{FAE04EC0-301F-11D3-BF4B-00C04F79EFBC}") = "UnitTestProjectUser", "UnitTestProjectUser\UnitTestProjectUser.csproj", "{CCBDEBAE-4DB7-4549-A18B-3203CF0656F3}"
EndProject
Global
	GlobalSection(SolutionConfigurationPlatforms) = preSolution
		Debug|Any CPU = Debug|Any CPU
		Release|Any CPU = Release|Any CPU
	EndGlobalSection
	GlobalSection(ProjectConfigurationPlatforms) = postSolution
		{9039728B-6760-48F3-99A9-579F1F69393A}.Debug|Any CPU.ActiveCfg = Debug|Any CPU
		{9039728B-6760-48F3-99A9-579F1F69393A}.Debug|Any CPU.Build.0 = Debug|Any CPU
		{9039728B-6760-48F3-99A9-579F1F69393A}.Release|Any CPU.ActiveCfg = Release|Any CPU
		{9039728B-6760-48F3-99A9-579F1F69393A}.Release|Any CPU.Build.0 = Release|Any CPU
		{791FFA93-BF5A-4201-A522-2627B7BEF1E9}.Debug|Any CPU.ActiveCfg = Debug|Any CPU
		{791FFA93-BF5A-4201-A522-2627B7BEF1E9}.Debug|Any CPU.Build.0 = Debug|Any CPU
		{791FFA93-BF5A-4201-A522-2627B7BEF1E9}.Release|Any CPU.ActiveCfg = Release|Any CPU
		{791FFA93-BF5A-4201-A522-2627B7BEF1E9}.Release|Any CPU.Build.0 = Release|Any CPU
		{E8A48631-30AD-44E6-AF94-AADB1869EE82}.Debug|Any CPU.ActiveCfg = Debug|Any CPU
		{E8A48631-30AD-44E6-AF94-AADB1869EE82}.Debug|Any CPU.Build.0 = Debug|Any CPU
		{E8A48631-30AD-44E6-AF94-AADB1869EE82}.Release|Any CPU.ActiveCfg = Release|Any CPU
		{E8A48631-30AD-44E6-AF94-AADB1869EE82}.Release|Any CPU.Build.0 = Release|Any CPU
		{CCBDEBAE-4DB7-4549-A18B-3203CF0656F3}.Debug|Any CPU.ActiveCfg = Debug|Any CPU
		{CCBDEBAE-4DB7-4549-A18B-3203CF0656F3}.Debug|Any CPU.Build.0 = Debug|Any CPU
		{CCBDEBAE-4DB7-4549-A18B-3203CF0656F3}.Release|Any CPU.ActiveCfg = Release|Any CPU
		{CCBDEBAE-4DB7-4549-A18B-3203CF0656F3}.Release|Any CPU.Build.0 = Release|Any CPU
	EndGlobalSection
	GlobalSection(SolutionProperties) = preSolution
		HideSolutionNode = FALSE
	EndGlobalSection
	GlobalSection(NestedProjects) = preSolution
		{9039728B-6760-48F3-99A9-579F1F69393A} = {E130B23A-BDE6-4F7A-8C1A-62B3F70EA24B}
		{791FFA93-BF5A-4201-A522-2627B7BEF1E9} = {D779AB18-D63A-4978-88E9-5509CE79CD5D}
		{E8A48631-30AD-44E6-AF94-AADB1869EE82} = {FBE759D7-DBB2-4817-B975-256D7555E88B}
	EndGlobalSection
	GlobalSection(ExtensibilityGlobals) = postSolution
		SolutionGuid = {D7700C72-3334-469D-A814-E9414DFC4B53}
	EndGlobalSection
EndGlobal
